// !$*UTF8*$!
{
	archiveVersion = 1;
	classes = {
	};
	objectVersion = 55;
	objects = {

/* Begin PBXBuildFile section */
		2C0945326B89BF9F96D70615 /* Pods_PollenMap.framework in Frameworks */ = {isa = PBXBuildFile; fileRef = 6E62F03A1F30B4380E57634F /* Pods_PollenMap.framework */; };
		8639EA912836536C00249542 /* AppDelegate.swift in Sources */ = {isa = PBXBuildFile; fileRef = 8639EA902836536C00249542 /* AppDelegate.swift */; };
		8639EA9A2836537000249542 /* Assets.xcassets in Resources */ = {isa = PBXBuildFile; fileRef = 8639EA992836537000249542 /* Assets.xcassets */; };
		8639EA9D2836537000249542 /* LaunchScreen.storyboard in Resources */ = {isa = PBXBuildFile; fileRef = 8639EA9B2836537000249542 /* LaunchScreen.storyboard */; };
		8639EAA628367CF000249542 /* NetworkService.swift in Sources */ = {isa = PBXBuildFile; fileRef = 8639EAA528367CF000249542 /* NetworkService.swift */; };
		8639EAAB2838319700249542 /* Forecasts.swift in Sources */ = {isa = PBXBuildFile; fileRef = 8639EAAA2838319700249542 /* Forecasts.swift */; };
		8639EAAD2838348500249542 /* ForecastArea.swift in Sources */ = {isa = PBXBuildFile; fileRef = 8639EAAC2838348400249542 /* ForecastArea.swift */; };
		8639EABE283BF6A000249542 /* GoogleMapsCore.framework in Frameworks */ = {isa = PBXBuildFile; fileRef = 8639EABB283BF69F00249542 /* GoogleMapsCore.framework */; };
		8639EABF283BF6A000249542 /* GoogleMaps.framework in Frameworks */ = {isa = PBXBuildFile; fileRef = 8639EABC283BF6A000249542 /* GoogleMaps.framework */; };
		8639EAC0283BF6A000249542 /* GoogleMapsBase.framework in Frameworks */ = {isa = PBXBuildFile; fileRef = 8639EABD283BF6A000249542 /* GoogleMapsBase.framework */; };
		8639EAC2283BF6D900249542 /* GoogleMaps.bundle in Resources */ = {isa = PBXBuildFile; fileRef = 8639EAC1283BF6D900249542 /* GoogleMaps.bundle */; };
		8639EAC5283BF71500249542 /* Accelerate.framework in Frameworks */ = {isa = PBXBuildFile; fileRef = 8639EAC4283BF71500249542 /* Accelerate.framework */; };
		8639EACC283BF73900249542 /* CoreData.framework in Frameworks */ = {isa = PBXBuildFile; fileRef = 8639EAC6283BF73900249542 /* CoreData.framework */; };
		8639EACD283BF73900249542 /* CoreImage.framework in Frameworks */ = {isa = PBXBuildFile; fileRef = 8639EAC7283BF73900249542 /* CoreImage.framework */; };
		8639EACE283BF73900249542 /* CoreGraphics.framework in Frameworks */ = {isa = PBXBuildFile; fileRef = 8639EAC8283BF73900249542 /* CoreGraphics.framework */; };
		8639EACF283BF73900249542 /* CoreLocation.framework in Frameworks */ = {isa = PBXBuildFile; fileRef = 8639EAC9283BF73900249542 /* CoreLocation.framework */; };
		8639EAD0283BF73900249542 /* CoreTelephony.framework in Frameworks */ = {isa = PBXBuildFile; fileRef = 8639EACA283BF73900249542 /* CoreTelephony.framework */; };
		8639EAD1283BF73900249542 /* CoreText.framework in Frameworks */ = {isa = PBXBuildFile; fileRef = 8639EACB283BF73900249542 /* CoreText.framework */; };
		8639EAD3283BF74400249542 /* GLKit.framework in Frameworks */ = {isa = PBXBuildFile; fileRef = 8639EAD2283BF74400249542 /* GLKit.framework */; };
		8639EAD5283BF74C00249542 /* ImageIO.framework in Frameworks */ = {isa = PBXBuildFile; fileRef = 8639EAD4283BF74C00249542 /* ImageIO.framework */; };
		8639EAD7283BF75E00249542 /* libc++.tbd in Frameworks */ = {isa = PBXBuildFile; fileRef = 8639EAD6283BF75E00249542 /* libc++.tbd */; };
		8639EAD9283BF76800249542 /* libz.tbd in Frameworks */ = {isa = PBXBuildFile; fileRef = 8639EAD8283BF76800249542 /* libz.tbd */; };
		8639EADB283BF77400249542 /* Metal.framework in Frameworks */ = {isa = PBXBuildFile; fileRef = 8639EADA283BF77400249542 /* Metal.framework */; };
		8639EADD283BF77A00249542 /* OpenGLES.framework in Frameworks */ = {isa = PBXBuildFile; fileRef = 8639EADC283BF77A00249542 /* OpenGLES.framework */; };
		8639EADF283BF78100249542 /* QuartzCore.framework in Frameworks */ = {isa = PBXBuildFile; fileRef = 8639EADE283BF78100249542 /* QuartzCore.framework */; };
		8639EAE1283BF78800249542 /* SystemConfiguration.framework in Frameworks */ = {isa = PBXBuildFile; fileRef = 8639EAE0283BF78800249542 /* SystemConfiguration.framework */; };
		8639EAE3283BF79A00249542 /* UIKit.framework in Frameworks */ = {isa = PBXBuildFile; fileRef = 8639EAE2283BF79A00249542 /* UIKit.framework */; };
		8639EAE5283BF94300249542 /* MapService.swift in Sources */ = {isa = PBXBuildFile; fileRef = 8639EAE4283BF94300249542 /* MapService.swift */; };
		8639EAEE283C014B00249542 /* Extensions.swift in Sources */ = {isa = PBXBuildFile; fileRef = 8639EAED283C014B00249542 /* Extensions.swift */; };
		8639EAF0283EE61900249542 /* ForecastModel.swift in Sources */ = {isa = PBXBuildFile; fileRef = 8639EAEF283EE61900249542 /* ForecastModel.swift */; };
		8639EAF32840E46000249542 /* ForecastsMapViewController.swift in Sources */ = {isa = PBXBuildFile; fileRef = 8639EAF22840E46000249542 /* ForecastsMapViewController.swift */; };
		8639EB19284135AC00249542 /* ForecastsMapPickersViewController.swift in Sources */ = {isa = PBXBuildFile; fileRef = 8639EB18284135AC00249542 /* ForecastsMapPickersViewController.swift */; };
		86B99451284714130066B52D /* ForecastsSettingsViewController.swift in Sources */ = {isa = PBXBuildFile; fileRef = 86B99450284714130066B52D /* ForecastsSettingsViewController.swift */; };
		86B994532847194D0066B52D /* ForecastsPlayerViewController.swift in Sources */ = {isa = PBXBuildFile; fileRef = 86B994522847194D0066B52D /* ForecastsPlayerViewController.swift */; };
		86ED1E2D28685129006852B0 /* ForecastsMapViewPrefs.swift in Sources */ = {isa = PBXBuildFile; fileRef = 86ED1E2C28685129006852B0 /* ForecastsMapViewPrefs.swift */; };
/* End PBXBuildFile section */

/* Begin PBXFileReference section */
		0292415018F8109A150A5203 /* Pods-PollenMap.debug.xcconfig */ = {isa = PBXFileReference; includeInIndex = 1; lastKnownFileType = text.xcconfig; name = "Pods-PollenMap.debug.xcconfig"; path = "Target Support Files/Pods-PollenMap/Pods-PollenMap.debug.xcconfig"; sourceTree = "<group>"; };
		64CC9A9503647603E8751CBC /* Pods-PollenMap.release.xcconfig */ = {isa = PBXFileReference; includeInIndex = 1; lastKnownFileType = text.xcconfig; name = "Pods-PollenMap.release.xcconfig"; path = "Target Support Files/Pods-PollenMap/Pods-PollenMap.release.xcconfig"; sourceTree = "<group>"; };
		6E62F03A1F30B4380E57634F /* Pods_PollenMap.framework */ = {isa = PBXFileReference; explicitFileType = wrapper.framework; includeInIndex = 0; path = Pods_PollenMap.framework; sourceTree = BUILT_PRODUCTS_DIR; };
		8639EA8D2836536C00249542 /* PollenMap.app */ = {isa = PBXFileReference; explicitFileType = wrapper.application; includeInIndex = 0; path = PollenMap.app; sourceTree = BUILT_PRODUCTS_DIR; };
		8639EA902836536C00249542 /* AppDelegate.swift */ = {isa = PBXFileReference; lastKnownFileType = sourcecode.swift; path = AppDelegate.swift; sourceTree = "<group>"; };
		8639EA992836537000249542 /* Assets.xcassets */ = {isa = PBXFileReference; lastKnownFileType = folder.assetcatalog; path = Assets.xcassets; sourceTree = "<group>"; };
		8639EA9C2836537000249542 /* Base */ = {isa = PBXFileReference; lastKnownFileType = file.storyboard; name = Base; path = Base.lproj/LaunchScreen.storyboard; sourceTree = "<group>"; };
		8639EA9E2836537000249542 /* Info.plist */ = {isa = PBXFileReference; lastKnownFileType = text.plist.xml; path = Info.plist; sourceTree = "<group>"; };
		8639EAA528367CF000249542 /* NetworkService.swift */ = {isa = PBXFileReference; lastKnownFileType = sourcecode.swift; path = NetworkService.swift; sourceTree = "<group>"; };
		8639EAAA2838319700249542 /* Forecasts.swift */ = {isa = PBXFileReference; lastKnownFileType = sourcecode.swift; path = Forecasts.swift; sourceTree = "<group>"; };
		8639EAAC2838348400249542 /* ForecastArea.swift */ = {isa = PBXFileReference; lastKnownFileType = sourcecode.swift; path = ForecastArea.swift; sourceTree = "<group>"; };
		8639EABB283BF69F00249542 /* GoogleMapsCore.framework */ = {isa = PBXFileReference; lastKnownFileType = wrapper.framework; path = GoogleMapsCore.framework; sourceTree = "<group>"; };
		8639EABC283BF6A000249542 /* GoogleMaps.framework */ = {isa = PBXFileReference; lastKnownFileType = wrapper.framework; path = GoogleMaps.framework; sourceTree = "<group>"; };
		8639EABD283BF6A000249542 /* GoogleMapsBase.framework */ = {isa = PBXFileReference; lastKnownFileType = wrapper.framework; path = GoogleMapsBase.framework; sourceTree = "<group>"; };
		8639EAC1283BF6D900249542 /* GoogleMaps.bundle */ = {isa = PBXFileReference; lastKnownFileType = "wrapper.plug-in"; name = GoogleMaps.bundle; path = PollenMap/Frameworks/GoogleMaps.framework/Resources/GoogleMaps.bundle; sourceTree = "<group>"; };
		8639EAC4283BF71500249542 /* Accelerate.framework */ = {isa = PBXFileReference; lastKnownFileType = wrapper.framework; name = Accelerate.framework; path = System/Library/Frameworks/Accelerate.framework; sourceTree = SDKROOT; };
		8639EAC6283BF73900249542 /* CoreData.framework */ = {isa = PBXFileReference; lastKnownFileType = wrapper.framework; name = CoreData.framework; path = System/Library/Frameworks/CoreData.framework; sourceTree = SDKROOT; };
		8639EAC7283BF73900249542 /* CoreImage.framework */ = {isa = PBXFileReference; lastKnownFileType = wrapper.framework; name = CoreImage.framework; path = System/Library/Frameworks/CoreImage.framework; sourceTree = SDKROOT; };
		8639EAC8283BF73900249542 /* CoreGraphics.framework */ = {isa = PBXFileReference; lastKnownFileType = wrapper.framework; name = CoreGraphics.framework; path = System/Library/Frameworks/CoreGraphics.framework; sourceTree = SDKROOT; };
		8639EAC9283BF73900249542 /* CoreLocation.framework */ = {isa = PBXFileReference; lastKnownFileType = wrapper.framework; name = CoreLocation.framework; path = System/Library/Frameworks/CoreLocation.framework; sourceTree = SDKROOT; };
		8639EACA283BF73900249542 /* CoreTelephony.framework */ = {isa = PBXFileReference; lastKnownFileType = wrapper.framework; name = CoreTelephony.framework; path = System/Library/Frameworks/CoreTelephony.framework; sourceTree = SDKROOT; };
		8639EACB283BF73900249542 /* CoreText.framework */ = {isa = PBXFileReference; lastKnownFileType = wrapper.framework; name = CoreText.framework; path = System/Library/Frameworks/CoreText.framework; sourceTree = SDKROOT; };
		8639EAD2283BF74400249542 /* GLKit.framework */ = {isa = PBXFileReference; lastKnownFileType = wrapper.framework; name = GLKit.framework; path = System/Library/Frameworks/GLKit.framework; sourceTree = SDKROOT; };
		8639EAD4283BF74C00249542 /* ImageIO.framework */ = {isa = PBXFileReference; lastKnownFileType = wrapper.framework; name = ImageIO.framework; path = System/Library/Frameworks/ImageIO.framework; sourceTree = SDKROOT; };
		8639EAD6283BF75E00249542 /* libc++.tbd */ = {isa = PBXFileReference; lastKnownFileType = "sourcecode.text-based-dylib-definition"; name = "libc++.tbd"; path = "usr/lib/libc++.tbd"; sourceTree = SDKROOT; };
		8639EAD8283BF76800249542 /* libz.tbd */ = {isa = PBXFileReference; lastKnownFileType = "sourcecode.text-based-dylib-definition"; name = libz.tbd; path = usr/lib/libz.tbd; sourceTree = SDKROOT; };
		8639EADA283BF77400249542 /* Metal.framework */ = {isa = PBXFileReference; lastKnownFileType = wrapper.framework; name = Metal.framework; path = System/Library/Frameworks/Metal.framework; sourceTree = SDKROOT; };
		8639EADC283BF77A00249542 /* OpenGLES.framework */ = {isa = PBXFileReference; lastKnownFileType = wrapper.framework; name = OpenGLES.framework; path = System/Library/Frameworks/OpenGLES.framework; sourceTree = SDKROOT; };
		8639EADE283BF78100249542 /* QuartzCore.framework */ = {isa = PBXFileReference; lastKnownFileType = wrapper.framework; name = QuartzCore.framework; path = System/Library/Frameworks/QuartzCore.framework; sourceTree = SDKROOT; };
		8639EAE0283BF78800249542 /* SystemConfiguration.framework */ = {isa = PBXFileReference; lastKnownFileType = wrapper.framework; name = SystemConfiguration.framework; path = System/Library/Frameworks/SystemConfiguration.framework; sourceTree = SDKROOT; };
		8639EAE2283BF79A00249542 /* UIKit.framework */ = {isa = PBXFileReference; lastKnownFileType = wrapper.framework; name = UIKit.framework; path = System/Library/Frameworks/UIKit.framework; sourceTree = SDKROOT; };
		8639EAE4283BF94300249542 /* MapService.swift */ = {isa = PBXFileReference; lastKnownFileType = sourcecode.swift; path = MapService.swift; sourceTree = "<group>"; };
		8639EAED283C014B00249542 /* Extensions.swift */ = {isa = PBXFileReference; lastKnownFileType = sourcecode.swift; path = Extensions.swift; sourceTree = "<group>"; };
		8639EAEF283EE61900249542 /* ForecastModel.swift */ = {isa = PBXFileReference; lastKnownFileType = sourcecode.swift; path = ForecastModel.swift; sourceTree = "<group>"; };
		8639EAF22840E46000249542 /* ForecastsMapViewController.swift */ = {isa = PBXFileReference; lastKnownFileType = sourcecode.swift; path = ForecastsMapViewController.swift; sourceTree = "<group>"; };
		8639EB18284135AC00249542 /* ForecastsMapPickersViewController.swift */ = {isa = PBXFileReference; lastKnownFileType = sourcecode.swift; path = ForecastsMapPickersViewController.swift; sourceTree = "<group>"; };
		86B99450284714130066B52D /* ForecastsSettingsViewController.swift */ = {isa = PBXFileReference; lastKnownFileType = sourcecode.swift; path = ForecastsSettingsViewController.swift; sourceTree = "<group>"; };
		86B994522847194D0066B52D /* ForecastsPlayerViewController.swift */ = {isa = PBXFileReference; lastKnownFileType = sourcecode.swift; path = ForecastsPlayerViewController.swift; sourceTree = "<group>"; };
		86ED1E2C28685129006852B0 /* ForecastsMapViewPrefs.swift */ = {isa = PBXFileReference; lastKnownFileType = sourcecode.swift; path = ForecastsMapViewPrefs.swift; sourceTree = "<group>"; };
/* End PBXFileReference section */

/* Begin PBXFrameworksBuildPhase section */
		8639EA8A2836536C00249542 /* Frameworks */ = {
			isa = PBXFrameworksBuildPhase;
			buildActionMask = 2147483647;
			files = (
				8639EAE3283BF79A00249542 /* UIKit.framework in Frameworks */,
				8639EAE1283BF78800249542 /* SystemConfiguration.framework in Frameworks */,
				8639EADF283BF78100249542 /* QuartzCore.framework in Frameworks */,
				8639EADD283BF77A00249542 /* OpenGLES.framework in Frameworks */,
				8639EADB283BF77400249542 /* Metal.framework in Frameworks */,
				8639EAD9283BF76800249542 /* libz.tbd in Frameworks */,
				8639EAD7283BF75E00249542 /* libc++.tbd in Frameworks */,
				8639EAD5283BF74C00249542 /* ImageIO.framework in Frameworks */,
				8639EAD3283BF74400249542 /* GLKit.framework in Frameworks */,
				8639EACC283BF73900249542 /* CoreData.framework in Frameworks */,
				8639EACD283BF73900249542 /* CoreImage.framework in Frameworks */,
				8639EACE283BF73900249542 /* CoreGraphics.framework in Frameworks */,
				8639EACF283BF73900249542 /* CoreLocation.framework in Frameworks */,
				8639EAD0283BF73900249542 /* CoreTelephony.framework in Frameworks */,
				8639EAD1283BF73900249542 /* CoreText.framework in Frameworks */,
				8639EAC5283BF71500249542 /* Accelerate.framework in Frameworks */,
				8639EABF283BF6A000249542 /* GoogleMaps.framework in Frameworks */,
				8639EAC0283BF6A000249542 /* GoogleMapsBase.framework in Frameworks */,
				8639EABE283BF6A000249542 /* GoogleMapsCore.framework in Frameworks */,
				2C0945326B89BF9F96D70615 /* Pods_PollenMap.framework in Frameworks */,
			);
			runOnlyForDeploymentPostprocessing = 0;
		};
/* End PBXFrameworksBuildPhase section */

/* Begin PBXGroup section */
		8639EA842836536C00249542 = {
			isa = PBXGroup;
			children = (
				8639EAC1283BF6D900249542 /* GoogleMaps.bundle */,
				8639EA8F2836536C00249542 /* PollenMap */,
				8639EA8E2836536C00249542 /* Products */,
				8639EAC3283BF71500249542 /* Frameworks */,
				C287BDC932F43867A94711B9 /* Pods */,
			);
			sourceTree = "<group>";
		};
		8639EA8E2836536C00249542 /* Products */ = {
			isa = PBXGroup;
			children = (
				8639EA8D2836536C00249542 /* PollenMap.app */,
			);
			name = Products;
			sourceTree = "<group>";
		};
		8639EA8F2836536C00249542 /* PollenMap */ = {
			isa = PBXGroup;
			children = (
				8639EA9E2836537000249542 /* Info.plist */,
				8639EAB228393AE900249542 /* App */,
				8639EAEC283C013B00249542 /* Common */,
				8639EABA283BF68200249542 /* Frameworks */,
				8639EAA7283830D500249542 /* Model */,
				8639EAA42836540E00249542 /* Services */,
				8639EAB328393B2200249542 /* View */,
			);
			path = PollenMap;
			sourceTree = "<group>";
		};
		8639EAA42836540E00249542 /* Services */ = {
			isa = PBXGroup;
			children = (
				8639EAA528367CF000249542 /* NetworkService.swift */,
				8639EAE4283BF94300249542 /* MapService.swift */,
			);
			path = Services;
			sourceTree = "<group>";
		};
		8639EAA7283830D500249542 /* Model */ = {
			isa = PBXGroup;
			children = (
				8639EAF1283EE62100249542 /* Entity */,
				8639EAEF283EE61900249542 /* ForecastModel.swift */,
			);
			path = Model;
			sourceTree = "<group>";
		};
		8639EAB228393AE900249542 /* App */ = {
			isa = PBXGroup;
			children = (
				8639EA902836536C00249542 /* AppDelegate.swift */,
				8639EA992836537000249542 /* Assets.xcassets */,
				8639EA9B2836537000249542 /* LaunchScreen.storyboard */,
			);
			path = App;
			sourceTree = "<group>";
		};
		8639EAB328393B2200249542 /* View */ = {
			isa = PBXGroup;
			children = (
				8639EB18284135AC00249542 /* ForecastsMapPickersViewController.swift */,
				8639EAF22840E46000249542 /* ForecastsMapViewController.swift */,
				86B99450284714130066B52D /* ForecastsSettingsViewController.swift */,
				86B994522847194D0066B52D /* ForecastsPlayerViewController.swift */,
				86ED1E2C28685129006852B0 /* ForecastsMapViewPrefs.swift */,
			);
			path = View;
			sourceTree = "<group>";
		};
		8639EABA283BF68200249542 /* Frameworks */ = {
			isa = PBXGroup;
			children = (
				8639EABC283BF6A000249542 /* GoogleMaps.framework */,
				8639EABD283BF6A000249542 /* GoogleMapsBase.framework */,
				8639EABB283BF69F00249542 /* GoogleMapsCore.framework */,
			);
			path = Frameworks;
			sourceTree = "<group>";
		};
		8639EAC3283BF71500249542 /* Frameworks */ = {
			isa = PBXGroup;
			children = (
				8639EAE2283BF79A00249542 /* UIKit.framework */,
				8639EAE0283BF78800249542 /* SystemConfiguration.framework */,
				8639EADE283BF78100249542 /* QuartzCore.framework */,
				8639EADC283BF77A00249542 /* OpenGLES.framework */,
				8639EADA283BF77400249542 /* Metal.framework */,
				8639EAD8283BF76800249542 /* libz.tbd */,
				8639EAD6283BF75E00249542 /* libc++.tbd */,
				8639EAD4283BF74C00249542 /* ImageIO.framework */,
				8639EAD2283BF74400249542 /* GLKit.framework */,
				8639EAC6283BF73900249542 /* CoreData.framework */,
				8639EAC8283BF73900249542 /* CoreGraphics.framework */,
				8639EAC7283BF73900249542 /* CoreImage.framework */,
				8639EAC9283BF73900249542 /* CoreLocation.framework */,
				8639EACA283BF73900249542 /* CoreTelephony.framework */,
				8639EACB283BF73900249542 /* CoreText.framework */,
				8639EAC4283BF71500249542 /* Accelerate.framework */,
				6E62F03A1F30B4380E57634F /* Pods_PollenMap.framework */,
			);
			name = Frameworks;
			sourceTree = "<group>";
		};
		8639EAEC283C013B00249542 /* Common */ = {
			isa = PBXGroup;
			children = (
				8639EAED283C014B00249542 /* Extensions.swift */,
			);
			path = Common;
			sourceTree = "<group>";
		};
		8639EAF1283EE62100249542 /* Entity */ = {
			isa = PBXGroup;
			children = (
				8639EAAA2838319700249542 /* Forecasts.swift */,
				8639EAAC2838348400249542 /* ForecastArea.swift */,
			);
			path = Entity;
			sourceTree = "<group>";
		};
		C287BDC932F43867A94711B9 /* Pods */ = {
			isa = PBXGroup;
			children = (
				0292415018F8109A150A5203 /* Pods-PollenMap.debug.xcconfig */,
				64CC9A9503647603E8751CBC /* Pods-PollenMap.release.xcconfig */,
			);
			path = Pods;
			sourceTree = "<group>";
		};
/* End PBXGroup section */

/* Begin PBXNativeTarget section */
		8639EA8C2836536C00249542 /* PollenMap */ = {
			isa = PBXNativeTarget;
			buildConfigurationList = 8639EAA12836537000249542 /* Build configuration list for PBXNativeTarget "PollenMap" */;
			buildPhases = (
				B10961DFF07F0CA4CF26B2E4 /* [CP] Check Pods Manifest.lock */,
				8639EA892836536C00249542 /* Sources */,
				8639EA8A2836536C00249542 /* Frameworks */,
				8639EA8B2836536C00249542 /* Resources */,
				C050BD687B6AB5C9F6572886 /* [CP] Embed Pods Frameworks */,
			);
			buildRules = (
			);
			dependencies = (
			);
			name = PollenMap;
			productName = PollenMap;
			productReference = 8639EA8D2836536C00249542 /* PollenMap.app */;
			productType = "com.apple.product-type.application";
		};
/* End PBXNativeTarget section */

/* Begin PBXProject section */
		8639EA852836536C00249542 /* Project object */ = {
			isa = PBXProject;
			attributes = {
				BuildIndependentTargetsInParallel = 1;
				LastSwiftUpdateCheck = 1330;
				LastUpgradeCheck = 1330;
				TargetAttributes = {
					8639EA8C2836536C00249542 = {
						CreatedOnToolsVersion = 13.3.1;
					};
				};
			};
			buildConfigurationList = 8639EA882836536C00249542 /* Build configuration list for PBXProject "PollenMap" */;
			compatibilityVersion = "Xcode 13.0";
			developmentRegion = en;
			hasScannedForEncodings = 0;
			knownRegions = (
				en,
				Base,
			);
			mainGroup = 8639EA842836536C00249542;
			productRefGroup = 8639EA8E2836536C00249542 /* Products */;
			projectDirPath = "";
			projectRoot = "";
			targets = (
				8639EA8C2836536C00249542 /* PollenMap */,
			);
		};
/* End PBXProject section */

/* Begin PBXResourcesBuildPhase section */
		8639EA8B2836536C00249542 /* Resources */ = {
			isa = PBXResourcesBuildPhase;
			buildActionMask = 2147483647;
			files = (
				8639EA9D2836537000249542 /* LaunchScreen.storyboard in Resources */,
				8639EA9A2836537000249542 /* Assets.xcassets in Resources */,
				8639EAC2283BF6D900249542 /* GoogleMaps.bundle in Resources */,
			);
			runOnlyForDeploymentPostprocessing = 0;
		};
/* End PBXResourcesBuildPhase section */

/* Begin PBXShellScriptBuildPhase section */
		B10961DFF07F0CA4CF26B2E4 /* [CP] Check Pods Manifest.lock */ = {
			isa = PBXShellScriptBuildPhase;
			buildActionMask = 2147483647;
			files = (
			);
			inputFileListPaths = (
			);
			inputPaths = (
				"${PODS_PODFILE_DIR_PATH}/Podfile.lock",
				"${PODS_ROOT}/Manifest.lock",
			);
			name = "[CP] Check Pods Manifest.lock";
			outputFileListPaths = (
			);
			outputPaths = (
				"$(DERIVED_FILE_DIR)/Pods-PollenMap-checkManifestLockResult.txt",
			);
			runOnlyForDeploymentPostprocessing = 0;
			shellPath = /bin/sh;
			shellScript = "diff \"${PODS_PODFILE_DIR_PATH}/Podfile.lock\" \"${PODS_ROOT}/Manifest.lock\" > /dev/null\nif [ $? != 0 ] ; then\n    # print error to STDERR\n    echo \"error: The sandbox is not in sync with the Podfile.lock. Run 'pod install' or update your CocoaPods installation.\" >&2\n    exit 1\nfi\n# This output is used by Xcode 'outputs' to avoid re-running this script phase.\necho \"SUCCESS\" > \"${SCRIPT_OUTPUT_FILE_0}\"\n";
			showEnvVarsInLog = 0;
		};
		C050BD687B6AB5C9F6572886 /* [CP] Embed Pods Frameworks */ = {
			isa = PBXShellScriptBuildPhase;
			buildActionMask = 2147483647;
			files = (
			);
			inputFileListPaths = (
				"${PODS_ROOT}/Target Support Files/Pods-PollenMap/Pods-PollenMap-frameworks-${CONFIGURATION}-input-files.xcfilelist",
			);
			name = "[CP] Embed Pods Frameworks";
			outputFileListPaths = (
				"${PODS_ROOT}/Target Support Files/Pods-PollenMap/Pods-PollenMap-frameworks-${CONFIGURATION}-output-files.xcfilelist",
			);
			runOnlyForDeploymentPostprocessing = 0;
			shellPath = /bin/sh;
			shellScript = "\"${PODS_ROOT}/Target Support Files/Pods-PollenMap/Pods-PollenMap-frameworks.sh\"\n";
			showEnvVarsInLog = 0;
		};
/* End PBXShellScriptBuildPhase section */

/* Begin PBXSourcesBuildPhase section */
		8639EA892836536C00249542 /* Sources */ = {
			isa = PBXSourcesBuildPhase;
			buildActionMask = 2147483647;
			files = (
				8639EAAD2838348500249542 /* ForecastArea.swift in Sources */,
				8639EAAB2838319700249542 /* Forecasts.swift in Sources */,
				8639EAEE283C014B00249542 /* Extensions.swift in Sources */,
				86B994532847194D0066B52D /* ForecastsPlayerViewController.swift in Sources */,
				8639EAF0283EE61900249542 /* ForecastModel.swift in Sources */,
				86ED1E2D28685129006852B0 /* ForecastsMapViewPrefs.swift in Sources */,
				8639EA912836536C00249542 /* AppDelegate.swift in Sources */,
				8639EAF32840E46000249542 /* ForecastsMapViewController.swift in Sources */,
				8639EB19284135AC00249542 /* ForecastsMapPickersViewController.swift in Sources */,
				86B99451284714130066B52D /* ForecastsSettingsViewController.swift in Sources */,
				8639EAA628367CF000249542 /* NetworkService.swift in Sources */,
				8639EAE5283BF94300249542 /* MapService.swift in Sources */,
			);
			runOnlyForDeploymentPostprocessing = 0;
		};
/* End PBXSourcesBuildPhase section */

/* Begin PBXVariantGroup section */
		8639EA9B2836537000249542 /* LaunchScreen.storyboard */ = {
			isa = PBXVariantGroup;
			children = (
				8639EA9C2836537000249542 /* Base */,
			);
			name = LaunchScreen.storyboard;
			sourceTree = "<group>";
		};
/* End PBXVariantGroup section */

/* Begin XCBuildConfiguration section */
		8639EA9F2836537000249542 /* Debug */ = {
			isa = XCBuildConfiguration;
			buildSettings = {
				ALWAYS_EMBED_SWIFT_STANDARD_LIBRARIES = NO;
				ALWAYS_SEARCH_USER_PATHS = NO;
				ARCHS = "$(ARCHS_STANDARD)";
				CLANG_ANALYZER_NONNULL = YES;
				CLANG_ANALYZER_NUMBER_OBJECT_CONVERSION = YES_AGGRESSIVE;
				CLANG_CXX_LANGUAGE_STANDARD = "gnu++17";
				CLANG_ENABLE_MODULES = YES;
				CLANG_ENABLE_OBJC_ARC = YES;
				CLANG_ENABLE_OBJC_WEAK = YES;
				CLANG_WARN_BLOCK_CAPTURE_AUTORELEASING = YES;
				CLANG_WARN_BOOL_CONVERSION = YES;
				CLANG_WARN_COMMA = YES;
				CLANG_WARN_CONSTANT_CONVERSION = YES;
				CLANG_WARN_DEPRECATED_OBJC_IMPLEMENTATIONS = YES;
				CLANG_WARN_DIRECT_OBJC_ISA_USAGE = YES_ERROR;
				CLANG_WARN_DOCUMENTATION_COMMENTS = YES;
				CLANG_WARN_EMPTY_BODY = YES;
				CLANG_WARN_ENUM_CONVERSION = YES;
				CLANG_WARN_INFINITE_RECURSION = YES;
				CLANG_WARN_INT_CONVERSION = YES;
				CLANG_WARN_NON_LITERAL_NULL_CONVERSION = YES;
				CLANG_WARN_OBJC_IMPLICIT_RETAIN_SELF = YES;
				CLANG_WARN_OBJC_LITERAL_CONVERSION = YES;
				CLANG_WARN_OBJC_ROOT_CLASS = YES_ERROR;
				CLANG_WARN_QUOTED_INCLUDE_IN_FRAMEWORK_HEADER = YES;
				CLANG_WARN_RANGE_LOOP_ANALYSIS = YES;
				CLANG_WARN_STRICT_PROTOTYPES = YES;
				CLANG_WARN_SUSPICIOUS_MOVE = YES;
				CLANG_WARN_UNGUARDED_AVAILABILITY = YES_AGGRESSIVE;
				CLANG_WARN_UNREACHABLE_CODE = YES;
				CLANG_WARN__DUPLICATE_METHOD_MATCH = YES;
				COPY_PHASE_STRIP = NO;
				DEBUG_INFORMATION_FORMAT = dwarf;
				ENABLE_STRICT_OBJC_MSGSEND = YES;
				ENABLE_TESTABILITY = YES;
				EXCLUDED_ARCHS = "";
				GCC_C_LANGUAGE_STANDARD = gnu11;
				GCC_DYNAMIC_NO_PIC = NO;
				GCC_NO_COMMON_BLOCKS = YES;
				GCC_OPTIMIZATION_LEVEL = 0;
				GCC_PREPROCESSOR_DEFINITIONS = (
					"DEBUG=1",
					"$(inherited)",
				);
				GCC_WARN_64_TO_32_BIT_CONVERSION = YES;
				GCC_WARN_ABOUT_RETURN_TYPE = YES_ERROR;
				GCC_WARN_UNDECLARED_SELECTOR = YES;
				GCC_WARN_UNINITIALIZED_AUTOS = YES_AGGRESSIVE;
				GCC_WARN_UNUSED_FUNCTION = YES;
				GCC_WARN_UNUSED_VARIABLE = YES;
				IPHONEOS_DEPLOYMENT_TARGET = 13.6;
				MTL_ENABLE_DEBUG_INFO = INCLUDE_SOURCE;
				MTL_FAST_MATH = YES;
				ONLY_ACTIVE_ARCH = NO;
				SDKROOT = iphoneos;
				SWIFT_ACTIVE_COMPILATION_CONDITIONS = DEBUG;
				SWIFT_OPTIMIZATION_LEVEL = "-Onone";
			};
			name = Debug;
		};
		8639EAA02836537000249542 /* Release */ = {
			isa = XCBuildConfiguration;
			buildSettings = {
				ALWAYS_EMBED_SWIFT_STANDARD_LIBRARIES = NO;
				ALWAYS_SEARCH_USER_PATHS = NO;
				ARCHS = "$(ARCHS_STANDARD)";
				CLANG_ANALYZER_NONNULL = YES;
				CLANG_ANALYZER_NUMBER_OBJECT_CONVERSION = YES_AGGRESSIVE;
				CLANG_CXX_LANGUAGE_STANDARD = "gnu++17";
				CLANG_ENABLE_MODULES = YES;
				CLANG_ENABLE_OBJC_ARC = YES;
				CLANG_ENABLE_OBJC_WEAK = YES;
				CLANG_WARN_BLOCK_CAPTURE_AUTORELEASING = YES;
				CLANG_WARN_BOOL_CONVERSION = YES;
				CLANG_WARN_COMMA = YES;
				CLANG_WARN_CONSTANT_CONVERSION = YES;
				CLANG_WARN_DEPRECATED_OBJC_IMPLEMENTATIONS = YES;
				CLANG_WARN_DIRECT_OBJC_ISA_USAGE = YES_ERROR;
				CLANG_WARN_DOCUMENTATION_COMMENTS = YES;
				CLANG_WARN_EMPTY_BODY = YES;
				CLANG_WARN_ENUM_CONVERSION = YES;
				CLANG_WARN_INFINITE_RECURSION = YES;
				CLANG_WARN_INT_CONVERSION = YES;
				CLANG_WARN_NON_LITERAL_NULL_CONVERSION = YES;
				CLANG_WARN_OBJC_IMPLICIT_RETAIN_SELF = YES;
				CLANG_WARN_OBJC_LITERAL_CONVERSION = YES;
				CLANG_WARN_OBJC_ROOT_CLASS = YES_ERROR;
				CLANG_WARN_QUOTED_INCLUDE_IN_FRAMEWORK_HEADER = YES;
				CLANG_WARN_RANGE_LOOP_ANALYSIS = YES;
				CLANG_WARN_STRICT_PROTOTYPES = YES;
				CLANG_WARN_SUSPICIOUS_MOVE = YES;
				CLANG_WARN_UNGUARDED_AVAILABILITY = YES_AGGRESSIVE;
				CLANG_WARN_UNREACHABLE_CODE = YES;
				CLANG_WARN__DUPLICATE_METHOD_MATCH = YES;
				COPY_PHASE_STRIP = NO;
				DEBUG_INFORMATION_FORMAT = "dwarf-with-dsym";
				ENABLE_NS_ASSERTIONS = NO;
				ENABLE_STRICT_OBJC_MSGSEND = YES;
				EXCLUDED_ARCHS = "";
				GCC_C_LANGUAGE_STANDARD = gnu11;
				GCC_NO_COMMON_BLOCKS = YES;
				GCC_WARN_64_TO_32_BIT_CONVERSION = YES;
				GCC_WARN_ABOUT_RETURN_TYPE = YES_ERROR;
				GCC_WARN_UNDECLARED_SELECTOR = YES;
				GCC_WARN_UNINITIALIZED_AUTOS = YES_AGGRESSIVE;
				GCC_WARN_UNUSED_FUNCTION = YES;
				GCC_WARN_UNUSED_VARIABLE = YES;
				IPHONEOS_DEPLOYMENT_TARGET = 13.6;
				MTL_ENABLE_DEBUG_INFO = NO;
				MTL_FAST_MATH = YES;
				SDKROOT = iphoneos;
				SWIFT_COMPILATION_MODE = wholemodule;
				SWIFT_OPTIMIZATION_LEVEL = "-O";
				VALIDATE_PRODUCT = YES;
			};
			name = Release;
		};
		8639EAA22836537000249542 /* Debug */ = {
			isa = XCBuildConfiguration;
			baseConfigurationReference = 0292415018F8109A150A5203 /* Pods-PollenMap.debug.xcconfig */;
			buildSettings = {
				ARCHS = "$(ARCHS_STANDARD)";
				ASSETCATALOG_COMPILER_APPICON_NAME = AppIcon;
				ASSETCATALOG_COMPILER_GLOBAL_ACCENT_COLOR_NAME = AccentColor;
				CODE_SIGN_STYLE = Automatic;
				CURRENT_PROJECT_VERSION = 1;
				DEVELOPMENT_TEAM = BT7NEHF4NA;
				EXCLUDED_ARCHS = "$(inherited) arm64";
				FRAMEWORK_SEARCH_PATHS = (
					"$(inherited)",
					"$(PROJECT_DIR)/PollenMap/Frameworks",
				);
				GENERATE_INFOPLIST_FILE = YES;
				INFOPLIST_FILE = PollenMap/Info.plist;
				INFOPLIST_KEY_UIApplicationSupportsIndirectInputEvents = YES;
				INFOPLIST_KEY_UILaunchStoryboardName = LaunchScreen;
				INFOPLIST_KEY_UISupportedInterfaceOrientations_iPad = "UIInterfaceOrientationPortrait UIInterfaceOrientationPortraitUpsideDown UIInterfaceOrientationLandscapeLeft UIInterfaceOrientationLandscapeRight";
				INFOPLIST_KEY_UISupportedInterfaceOrientations_iPhone = "UIInterfaceOrientationPortrait UIInterfaceOrientationLandscapeLeft UIInterfaceOrientationLandscapeRight";
				IPHONEOS_DEPLOYMENT_TARGET = 13.6;
				LD_RUNPATH_SEARCH_PATHS = (
					"$(inherited)",
					"@executable_path/Frameworks",
				);
				MARKETING_VERSION = 1.0;
				OTHER_LDFLAGS = "-ObjC";
				PRODUCT_BUNDLE_IDENTIFIER = ru.pollen.club.PollenMap;
				PRODUCT_NAME = "$(TARGET_NAME)";
				SWIFT_EMIT_LOC_STRINGS = YES;
				SWIFT_VERSION = 5.0;
				TARGETED_DEVICE_FAMILY = "1,2";
			};
			name = Debug;
		};
		8639EAA32836537000249542 /* Release */ = {
			isa = XCBuildConfiguration;
			baseConfigurationReference = 64CC9A9503647603E8751CBC /* Pods-PollenMap.release.xcconfig */;
			buildSettings = {
				ARCHS = "$(ARCHS_STANDARD)";
				ASSETCATALOG_COMPILER_APPICON_NAME = AppIcon;
				ASSETCATALOG_COMPILER_GLOBAL_ACCENT_COLOR_NAME = AccentColor;
				CODE_SIGN_STYLE = Automatic;
				CURRENT_PROJECT_VERSION = 1;
				DEVELOPMENT_TEAM = BT7NEHF4NA;
				EXCLUDED_ARCHS = "$(inherited) arm64";
				FRAMEWORK_SEARCH_PATHS = (
					"$(inherited)",
					"$(PROJECT_DIR)/PollenMap/Frameworks",
				);
				GENERATE_INFOPLIST_FILE = YES;
				INFOPLIST_FILE = PollenMap/Info.plist;
				INFOPLIST_KEY_UIApplicationSupportsIndirectInputEvents = YES;
				INFOPLIST_KEY_UILaunchStoryboardName = LaunchScreen;
				INFOPLIST_KEY_UISupportedInterfaceOrientations_iPad = "UIInterfaceOrientationPortrait UIInterfaceOrientationPortraitUpsideDown UIInterfaceOrientationLandscapeLeft UIInterfaceOrientationLandscapeRight";
				INFOPLIST_KEY_UISupportedInterfaceOrientations_iPhone = "UIInterfaceOrientationPortrait UIInterfaceOrientationLandscapeLeft UIInterfaceOrientationLandscapeRight";
				IPHONEOS_DEPLOYMENT_TARGET = 13.6;
				LD_RUNPATH_SEARCH_PATHS = (
					"$(inherited)",
					"@executable_path/Frameworks",
				);
				MARKETING_VERSION = 1.0;
				OTHER_LDFLAGS = "-ObjC";
				PRODUCT_BUNDLE_IDENTIFIER = ru.pollen.club.PollenMap;
				PRODUCT_NAME = "$(TARGET_NAME)";
				SWIFT_EMIT_LOC_STRINGS = YES;
				SWIFT_VERSION = 5.0;
				TARGETED_DEVICE_FAMILY = "1,2";
			};
			name = Release;
		};
/* End XCBuildConfiguration section */

/* Begin XCConfigurationList section */
		8639EA882836536C00249542 /* Build configuration list for PBXProject "PollenMap" */ = {
			isa = XCConfigurationList;
			buildConfigurations = (
				8639EA9F2836537000249542 /* Debug */,
				8639EAA02836537000249542 /* Release */,
			);
			defaultConfigurationIsVisible = 0;
			defaultConfigurationName = Release;
		};
		8639EAA12836537000249542 /* Build configuration list for PBXNativeTarget "PollenMap" */ = {
			isa = XCConfigurationList;
			buildConfigurations = (
				8639EAA22836537000249542 /* Debug */,
				8639EAA32836537000249542 /* Release */,
			);
			defaultConfigurationIsVisible = 0;
			defaultConfigurationName = Release;
		};
/* End XCConfigurationList section */
	};
	rootObject = 8639EA852836536C00249542 /* Project object */;
}
