// !$*UTF8*$!
{
	archiveVersion = 1;
	classes = {
	};
	objectVersion = 55;
	objects = {

/* Begin PBXBuildFile section */
		8639EA912836536C00249542 /* AppDelegate.swift in Sources */ = {isa = PBXBuildFile; fileRef = 8639EA902836536C00249542 /* AppDelegate.swift */; };
		8639EA932836536C00249542 /* SceneDelegate.swift in Sources */ = {isa = PBXBuildFile; fileRef = 8639EA922836536C00249542 /* SceneDelegate.swift */; };
		8639EA952836536C00249542 /* ViewController.swift in Sources */ = {isa = PBXBuildFile; fileRef = 8639EA942836536C00249542 /* ViewController.swift */; };
		8639EA982836536C00249542 /* Main.storyboard in Resources */ = {isa = PBXBuildFile; fileRef = 8639EA962836536C00249542 /* Main.storyboard */; };
		8639EA9A2836537000249542 /* Assets.xcassets in Resources */ = {isa = PBXBuildFile; fileRef = 8639EA992836537000249542 /* Assets.xcassets */; };
		8639EA9D2836537000249542 /* LaunchScreen.storyboard in Resources */ = {isa = PBXBuildFile; fileRef = 8639EA9B2836537000249542 /* LaunchScreen.storyboard */; };
		8639EAA628367CF000249542 /* NetworkService.swift in Sources */ = {isa = PBXBuildFile; fileRef = 8639EAA528367CF000249542 /* NetworkService.swift */; };
		8639EAAB2838319700249542 /* Forecasts.swift in Sources */ = {isa = PBXBuildFile; fileRef = 8639EAAA2838319700249542 /* Forecasts.swift */; };
		8639EAAD2838348500249542 /* ForecastArea.swift in Sources */ = {isa = PBXBuildFile; fileRef = 8639EAAC2838348400249542 /* ForecastArea.swift */; };
/* End PBXBuildFile section */

/* Begin PBXFileReference section */
		8639EA8D2836536C00249542 /* PollenMap.app */ = {isa = PBXFileReference; explicitFileType = wrapper.application; includeInIndex = 0; path = PollenMap.app; sourceTree = BUILT_PRODUCTS_DIR; };
		8639EA902836536C00249542 /* AppDelegate.swift */ = {isa = PBXFileReference; lastKnownFileType = sourcecode.swift; path = AppDelegate.swift; sourceTree = "<group>"; };
		8639EA922836536C00249542 /* SceneDelegate.swift */ = {isa = PBXFileReference; lastKnownFileType = sourcecode.swift; path = SceneDelegate.swift; sourceTree = "<group>"; };
		8639EA942836536C00249542 /* ViewController.swift */ = {isa = PBXFileReference; lastKnownFileType = sourcecode.swift; path = ViewController.swift; sourceTree = "<group>"; };
		8639EA972836536C00249542 /* Base */ = {isa = PBXFileReference; lastKnownFileType = file.storyboard; name = Base; path = Base.lproj/Main.storyboard; sourceTree = "<group>"; };
		8639EA992836537000249542 /* Assets.xcassets */ = {isa = PBXFileReference; lastKnownFileType = folder.assetcatalog; path = Assets.xcassets; sourceTree = "<group>"; };
		8639EA9C2836537000249542 /* Base */ = {isa = PBXFileReference; lastKnownFileType = file.storyboard; name = Base; path = Base.lproj/LaunchScreen.storyboard; sourceTree = "<group>"; };
		8639EA9E2836537000249542 /* Info.plist */ = {isa = PBXFileReference; lastKnownFileType = text.plist.xml; path = Info.plist; sourceTree = "<group>"; };
		8639EAA528367CF000249542 /* NetworkService.swift */ = {isa = PBXFileReference; lastKnownFileType = sourcecode.swift; path = NetworkService.swift; sourceTree = "<group>"; };
		8639EAAA2838319700249542 /* Forecasts.swift */ = {isa = PBXFileReference; lastKnownFileType = sourcecode.swift; path = Forecasts.swift; sourceTree = "<group>"; };
		8639EAAC2838348400249542 /* ForecastArea.swift */ = {isa = PBXFileReference; lastKnownFileType = sourcecode.swift; path = ForecastArea.swift; sourceTree = "<group>"; };
/* End PBXFileReference section */

/* Begin PBXFrameworksBuildPhase section */
		8639EA8A2836536C00249542 /* Frameworks */ = {
			isa = PBXFrameworksBuildPhase;
			buildActionMask = 2147483647;
			files = (
			);
			runOnlyForDeploymentPostprocessing = 0;
		};
/* End PBXFrameworksBuildPhase section */

/* Begin PBXGroup section */
		8639EA842836536C00249542 = {
			isa = PBXGroup;
			children = (
				8639EA8F2836536C00249542 /* PollenMap */,
				8639EA8E2836536C00249542 /* Products */,
			);
			sourceTree = "<group>";
		};
		8639EA8E2836536C00249542 /* Products */ = {
			isa = PBXGroup;
			children = (
				8639EA8D2836536C00249542 /* PollenMap.app */,
			);
			name = Products;
			sourceTree = "<group>";
		};
		8639EA8F2836536C00249542 /* PollenMap */ = {
			isa = PBXGroup;
			children = (
				8639EAB328393B2200249542 /* View */,
				8639EAA7283830D500249542 /* Model */,
				8639EAA42836540E00249542 /* Services */,
				8639EAB228393AE900249542 /* App */,
				8639EA9E2836537000249542 /* Info.plist */,
			);
			path = PollenMap;
			sourceTree = "<group>";
		};
		8639EAA42836540E00249542 /* Services */ = {
			isa = PBXGroup;
			children = (
				8639EAA528367CF000249542 /* NetworkService.swift */,
			);
			path = Services;
			sourceTree = "<group>";
		};
		8639EAA7283830D500249542 /* Model */ = {
			isa = PBXGroup;
			children = (
				8639EAAA2838319700249542 /* Forecasts.swift */,
				8639EAAC2838348400249542 /* ForecastArea.swift */,
			);
			path = Model;
			sourceTree = "<group>";
		};
		8639EAB228393AE900249542 /* App */ = {
			isa = PBXGroup;
			children = (
				8639EA902836536C00249542 /* AppDelegate.swift */,
				8639EA922836536C00249542 /* SceneDelegate.swift */,
				8639EA992836537000249542 /* Assets.xcassets */,
				8639EA9B2836537000249542 /* LaunchScreen.storyboard */,
			);
			path = App;
			sourceTree = "<group>";
		};
		8639EAB328393B2200249542 /* View */ = {
			isa = PBXGroup;
			children = (
				8639EA942836536C00249542 /* ViewController.swift */,
				8639EA962836536C00249542 /* Main.storyboard */,
			);
			path = View;
			sourceTree = "<group>";
		};
/* End PBXGroup section */

/* Begin PBXNativeTarget section */
		8639EA8C2836536C00249542 /* PollenMap */ = {
			isa = PBXNativeTarget;
			buildConfigurationList = 8639EAA12836537000249542 /* Build configuration list for PBXNativeTarget "PollenMap" */;
			buildPhases = (
				8639EA892836536C00249542 /* Sources */,
				8639EA8A2836536C00249542 /* Frameworks */,
				8639EA8B2836536C00249542 /* Resources */,
			);
			buildRules = (
			);
			dependencies = (
			);
			name = PollenMap;
			productName = PollenMap;
			productReference = 8639EA8D2836536C00249542 /* PollenMap.app */;
			productType = "com.apple.product-type.application";
		};
/* End PBXNativeTarget section */

/* Begin PBXProject section */
		8639EA852836536C00249542 /* Project object */ = {
			isa = PBXProject;
			attributes = {
				BuildIndependentTargetsInParallel = 1;
				LastSwiftUpdateCheck = 1330;
				LastUpgradeCheck = 1330;
				TargetAttributes = {
					8639EA8C2836536C00249542 = {
						CreatedOnToolsVersion = 13.3.1;
					};
				};
			};
			buildConfigurationList = 8639EA882836536C00249542 /* Build configuration list for PBXProject "PollenMap" */;
			compatibilityVersion = "Xcode 13.0";
			developmentRegion = en;
			hasScannedForEncodings = 0;
			knownRegions = (
				en,
				Base,
			);
			mainGroup = 8639EA842836536C00249542;
			productRefGroup = 8639EA8E2836536C00249542 /* Products */;
			projectDirPath = "";
			projectRoot = "";
			targets = (
				8639EA8C2836536C00249542 /* PollenMap */,
			);
		};
/* End PBXProject section */

/* Begin PBXResourcesBuildPhase section */
		8639EA8B2836536C00249542 /* Resources */ = {
			isa = PBXResourcesBuildPhase;
			buildActionMask = 2147483647;
			files = (
				8639EA9D2836537000249542 /* LaunchScreen.storyboard in Resources */,
				8639EA9A2836537000249542 /* Assets.xcassets in Resources */,
				8639EA982836536C00249542 /* Main.storyboard in Resources */,
			);
			runOnlyForDeploymentPostprocessing = 0;
		};
/* End PBXResourcesBuildPhase section */

/* Begin PBXSourcesBuildPhase section */
		8639EA892836536C00249542 /* Sources */ = {
			isa = PBXSourcesBuildPhase;
			buildActionMask = 2147483647;
			files = (
				8639EAAD2838348500249542 /* ForecastArea.swift in Sources */,
				8639EA952836536C00249542 /* ViewController.swift in Sources */,
				8639EAAB2838319700249542 /* Forecasts.swift in Sources */,
				8639EA912836536C00249542 /* AppDelegate.swift in Sources */,
				8639EAA628367CF000249542 /* NetworkService.swift in Sources */,
				8639EA932836536C00249542 /* SceneDelegate.swift in Sources */,
			);
			runOnlyForDeploymentPostprocessing = 0;
		};
/* End PBXSourcesBuildPhase section */

/* Begin PBXVariantGroup section */
		8639EA962836536C00249542 /* Main.storyboard */ = {
			isa = PBXVariantGroup;
			children = (
				8639EA972836536C00249542 /* Base */,
			);
			name = Main.storyboard;
			sourceTree = "<group>";
		};
		8639EA9B2836537000249542 /* LaunchScreen.storyboard */ = {
			isa = PBXVariantGroup;
			children = (
				8639EA9C2836537000249542 /* Base */,
			);
			name = LaunchScreen.storyboard;
			sourceTree = "<group>";
		};
/* End PBXVariantGroup section */

/* Begin XCBuildConfiguration section */
		8639EA9F2836537000249542 /* Debug */ = {
			isa = XCBuildConfiguration;
			buildSettings = {
				ALWAYS_SEARCH_USER_PATHS = NO;
				CLANG_ANALYZER_NONNULL = YES;
				CLANG_ANALYZER_NUMBER_OBJECT_CONVERSION = YES_AGGRESSIVE;
				CLANG_CXX_LANGUAGE_STANDARD = "gnu++17";
				CLANG_ENABLE_MODULES = YES;
				CLANG_ENABLE_OBJC_ARC = YES;
				CLANG_ENABLE_OBJC_WEAK = YES;
				CLANG_WARN_BLOCK_CAPTURE_AUTORELEASING = YES;
				CLANG_WARN_BOOL_CONVERSION = YES;
				CLANG_WARN_COMMA = YES;
				CLANG_WARN_CONSTANT_CONVERSION = YES;
				CLANG_WARN_DEPRECATED_OBJC_IMPLEMENTATIONS = YES;
				CLANG_WARN_DIRECT_OBJC_ISA_USAGE = YES_ERROR;
				CLANG_WARN_DOCUMENTATION_COMMENTS = YES;
				CLANG_WARN_EMPTY_BODY = YES;
				CLANG_WARN_ENUM_CONVERSION = YES;
				CLANG_WARN_INFINITE_RECURSION = YES;
				CLANG_WARN_INT_CONVERSION = YES;
				CLANG_WARN_NON_LITERAL_NULL_CONVERSION = YES;
				CLANG_WARN_OBJC_IMPLICIT_RETAIN_SELF = YES;
				CLANG_WARN_OBJC_LITERAL_CONVERSION = YES;
				CLANG_WARN_OBJC_ROOT_CLASS = YES_ERROR;
				CLANG_WARN_QUOTED_INCLUDE_IN_FRAMEWORK_HEADER = YES;
				CLANG_WARN_RANGE_LOOP_ANALYSIS = YES;
				CLANG_WARN_STRICT_PROTOTYPES = YES;
				CLANG_WARN_SUSPICIOUS_MOVE = YES;
				CLANG_WARN_UNGUARDED_AVAILABILITY = YES_AGGRESSIVE;
				CLANG_WARN_UNREACHABLE_CODE = YES;
				CLANG_WARN__DUPLICATE_METHOD_MATCH = YES;
				COPY_PHASE_STRIP = NO;
				DEBUG_INFORMATION_FORMAT = dwarf;
				ENABLE_STRICT_OBJC_MSGSEND = YES;
				ENABLE_TESTABILITY = YES;
				GCC_C_LANGUAGE_STANDARD = gnu11;
				GCC_DYNAMIC_NO_PIC = NO;
				GCC_NO_COMMON_BLOCKS = YES;
				GCC_OPTIMIZATION_LEVEL = 0;
				GCC_PREPROCESSOR_DEFINITIONS = (
					"DEBUG=1",
					"$(inherited)",
				);
				GCC_WARN_64_TO_32_BIT_CONVERSION = YES;
				GCC_WARN_ABOUT_RETURN_TYPE = YES_ERROR;
				GCC_WARN_UNDECLARED_SELECTOR = YES;
				GCC_WARN_UNINITIALIZED_AUTOS = YES_AGGRESSIVE;
				GCC_WARN_UNUSED_FUNCTION = YES;
				GCC_WARN_UNUSED_VARIABLE = YES;
				IPHONEOS_DEPLOYMENT_TARGET = 13.6;
				MTL_ENABLE_DEBUG_INFO = INCLUDE_SOURCE;
				MTL_FAST_MATH = YES;
				ONLY_ACTIVE_ARCH = YES;
				SDKROOT = iphoneos;
				SWIFT_ACTIVE_COMPILATION_CONDITIONS = DEBUG;
				SWIFT_OPTIMIZATION_LEVEL = "-Onone";
			};
			name = Debug;
		};
		8639EAA02836537000249542 /* Release */ = {
			isa = XCBuildConfiguration;
			buildSettings = {
				ALWAYS_SEARCH_USER_PATHS = NO;
				CLANG_ANALYZER_NONNULL = YES;
				CLANG_ANALYZER_NUMBER_OBJECT_CONVERSION = YES_AGGRESSIVE;
				CLANG_CXX_LANGUAGE_STANDARD = "gnu++17";
				CLANG_ENABLE_MODULES = YES;
				CLANG_ENABLE_OBJC_ARC = YES;
				CLANG_ENABLE_OBJC_WEAK = YES;
				CLANG_WARN_BLOCK_CAPTURE_AUTORELEASING = YES;
				CLANG_WARN_BOOL_CONVERSION = YES;
				CLANG_WARN_COMMA = YES;
				CLANG_WARN_CONSTANT_CONVERSION = YES;
				CLANG_WARN_DEPRECATED_OBJC_IMPLEMENTATIONS = YES;
				CLANG_WARN_DIRECT_OBJC_ISA_USAGE = YES_ERROR;
				CLANG_WARN_DOCUMENTATION_COMMENTS = YES;
				CLANG_WARN_EMPTY_BODY = YES;
				CLANG_WARN_ENUM_CONVERSION = YES;
				CLANG_WARN_INFINITE_RECURSION = YES;
				CLANG_WARN_INT_CONVERSION = YES;
				CLANG_WARN_NON_LITERAL_NULL_CONVERSION = YES;
				CLANG_WARN_OBJC_IMPLICIT_RETAIN_SELF = YES;
				CLANG_WARN_OBJC_LITERAL_CONVERSION = YES;
				CLANG_WARN_OBJC_ROOT_CLASS = YES_ERROR;
				CLANG_WARN_QUOTED_INCLUDE_IN_FRAMEWORK_HEADER = YES;
				CLANG_WARN_RANGE_LOOP_ANALYSIS = YES;
				CLANG_WARN_STRICT_PROTOTYPES = YES;
				CLANG_WARN_SUSPICIOUS_MOVE = YES;
				CLANG_WARN_UNGUARDED_AVAILABILITY = YES_AGGRESSIVE;
				CLANG_WARN_UNREACHABLE_CODE = YES;
				CLANG_WARN__DUPLICATE_METHOD_MATCH = YES;
				COPY_PHASE_STRIP = NO;
				DEBUG_INFORMATION_FORMAT = "dwarf-with-dsym";
				ENABLE_NS_ASSERTIONS = NO;
				ENABLE_STRICT_OBJC_MSGSEND = YES;
				GCC_C_LANGUAGE_STANDARD = gnu11;
				GCC_NO_COMMON_BLOCKS = YES;
				GCC_WARN_64_TO_32_BIT_CONVERSION = YES;
				GCC_WARN_ABOUT_RETURN_TYPE = YES_ERROR;
				GCC_WARN_UNDECLARED_SELECTOR = YES;
				GCC_WARN_UNINITIALIZED_AUTOS = YES_AGGRESSIVE;
				GCC_WARN_UNUSED_FUNCTION = YES;
				GCC_WARN_UNUSED_VARIABLE = YES;
				IPHONEOS_DEPLOYMENT_TARGET = 13.6;
				MTL_ENABLE_DEBUG_INFO = NO;
				MTL_FAST_MATH = YES;
				SDKROOT = iphoneos;
				SWIFT_COMPILATION_MODE = wholemodule;
				SWIFT_OPTIMIZATION_LEVEL = "-O";
				VALIDATE_PRODUCT = YES;
			};
			name = Release;
		};
		8639EAA22836537000249542 /* Debug */ = {
			isa = XCBuildConfiguration;
			buildSettings = {
				ASSETCATALOG_COMPILER_APPICON_NAME = AppIcon;
				ASSETCATALOG_COMPILER_GLOBAL_ACCENT_COLOR_NAME = AccentColor;
				CODE_SIGN_STYLE = Automatic;
				CURRENT_PROJECT_VERSION = 1;
				DEVELOPMENT_TEAM = BT7NEHF4NA;
				GENERATE_INFOPLIST_FILE = YES;
				INFOPLIST_FILE = PollenMap/Info.plist;
				INFOPLIST_KEY_UIApplicationSupportsIndirectInputEvents = YES;
				INFOPLIST_KEY_UILaunchStoryboardName = LaunchScreen;
				INFOPLIST_KEY_UIMainStoryboardFile = Main;
				INFOPLIST_KEY_UISupportedInterfaceOrientations_iPad = "UIInterfaceOrientationPortrait UIInterfaceOrientationPortraitUpsideDown UIInterfaceOrientationLandscapeLeft UIInterfaceOrientationLandscapeRight";
				INFOPLIST_KEY_UISupportedInterfaceOrientations_iPhone = "UIInterfaceOrientationPortrait UIInterfaceOrientationLandscapeLeft UIInterfaceOrientationLandscapeRight";
				IPHONEOS_DEPLOYMENT_TARGET = 13.6;
				LD_RUNPATH_SEARCH_PATHS = (
					"$(inherited)",
					"@executable_path/Frameworks",
				);
				MARKETING_VERSION = 1.0;
				PRODUCT_BUNDLE_IDENTIFIER = ru.pollen.club.PollenMap;
				PRODUCT_NAME = "$(TARGET_NAME)";
				SWIFT_EMIT_LOC_STRINGS = YES;
				SWIFT_VERSION = 5.0;
				TARGETED_DEVICE_FAMILY = "1,2";
			};
			name = Debug;
		};
		8639EAA32836537000249542 /* Release */ = {
			isa = XCBuildConfiguration;
			buildSettings = {
				ASSETCATALOG_COMPILER_APPICON_NAME = AppIcon;
				ASSETCATALOG_COMPILER_GLOBAL_ACCENT_COLOR_NAME = AccentColor;
				CODE_SIGN_STYLE = Automatic;
				CURRENT_PROJECT_VERSION = 1;
				DEVELOPMENT_TEAM = BT7NEHF4NA;
				GENERATE_INFOPLIST_FILE = YES;
				INFOPLIST_FILE = PollenMap/Info.plist;
				INFOPLIST_KEY_UIApplicationSupportsIndirectInputEvents = YES;
				INFOPLIST_KEY_UILaunchStoryboardName = LaunchScreen;
				INFOPLIST_KEY_UIMainStoryboardFile = Main;
				INFOPLIST_KEY_UISupportedInterfaceOrientations_iPad = "UIInterfaceOrientationPortrait UIInterfaceOrientationPortraitUpsideDown UIInterfaceOrientationLandscapeLeft UIInterfaceOrientationLandscapeRight";
				INFOPLIST_KEY_UISupportedInterfaceOrientations_iPhone = "UIInterfaceOrientationPortrait UIInterfaceOrientationLandscapeLeft UIInterfaceOrientationLandscapeRight";
				IPHONEOS_DEPLOYMENT_TARGET = 13.6;
				LD_RUNPATH_SEARCH_PATHS = (
					"$(inherited)",
					"@executable_path/Frameworks",
				);
				MARKETING_VERSION = 1.0;
				PRODUCT_BUNDLE_IDENTIFIER = ru.pollen.club.PollenMap;
				PRODUCT_NAME = "$(TARGET_NAME)";
				SWIFT_EMIT_LOC_STRINGS = YES;
				SWIFT_VERSION = 5.0;
				TARGETED_DEVICE_FAMILY = "1,2";
			};
			name = Release;
		};
/* End XCBuildConfiguration section */

/* Begin XCConfigurationList section */
		8639EA882836536C00249542 /* Build configuration list for PBXProject "PollenMap" */ = {
			isa = XCConfigurationList;
			buildConfigurations = (
				8639EA9F2836537000249542 /* Debug */,
				8639EAA02836537000249542 /* Release */,
			);
			defaultConfigurationIsVisible = 0;
			defaultConfigurationName = Release;
		};
		8639EAA12836537000249542 /* Build configuration list for PBXNativeTarget "PollenMap" */ = {
			isa = XCConfigurationList;
			buildConfigurations = (
				8639EAA22836537000249542 /* Debug */,
				8639EAA32836537000249542 /* Release */,
			);
			defaultConfigurationIsVisible = 0;
			defaultConfigurationName = Release;
		};
/* End XCConfigurationList section */
	};
	rootObject = 8639EA852836536C00249542 /* Project object */;
}
